
Microsoft Visual Studio Solution File, Format Version 12.00
# Visual Studio Version 17
VisualStudioVersion = 17.3.32819.101
MinimumVisualStudioVersion = 10.0.40219.1
Project("{FAE04EC0-301F-11D3-BF4B-00C04F79EFBC}") = "ScreenSound", "ScreenSound\ScreenSound.csproj", "{B915D80E-1A71-4F6F-8796-7A3C1D108EA8}"
EndProject
Global
	GlobalSection(SolutionConfigurationPlatforms) = preSolution
		Debug|Any CPU = Debug|Any CPU
		Release|Any CPU = Release|Any CPU
	EndGlobalSection
	GlobalSection(ProjectConfigurationPlatforms) = postSolution
		{B915D80E-1A71-4F6F-8796-7A3C1D108EA8}.Debug|Any CPU.ActiveCfg = Debug|Any CPU
		{B915D80E-1A71-4F6F-8796-7A3C1D108EA8}.Debug|Any CPU.Build.0 = Debug|Any CPU
		{B915D80E-1A71-4F6F-8796-7A3C1D108EA8}.Release|Any CPU.ActiveCfg = Release|Any CPU
		{B915D80E-1A71-4F6F-8796-7A3C1D108EA8}.Release|Any CPU.Build.0 = Release|Any CPU
	EndGlobalSection
	GlobalSection(SolutionProperties) = preSolution
		HideSolutionNode = FALSE
	EndGlobalSection
	GlobalSection(ExtensibilityGlobals) = postSolution
		SolutionGuid = {E75409F7-D6F5-42FE-8AF8-6F9E6B450DF2}
	EndGlobalSection
EndGlobal
